
Microsoft Visual Studio Solution File, Format Version 12.00
# Visual Studio 15
VisualStudioVersion = 15.0.26124.0
MinimumVisualStudioVersion = 15.0.26124.0
Project("{FAE04EC0-301F-11D3-BF4B-00C04F79EFBC}") = "CloudinaryDotNet", "CloudinaryDotNet\CloudinaryDotNet.csproj", "{70D24A08-85EB-4C9F-B9A3-E3CAE14807EA}"
EndProject
Project("{FAE04EC0-301F-11D3-BF4B-00C04F79EFBC}") = "CloudinaryDotNet.Tests", "CloudinaryDotNet.Tests\CloudinaryDotNet.Tests.csproj", "{1D3535A4-9D29-4B58-BA74-56F32B5737B1}"
EndProject
Project("{FAE04EC0-301F-11D3-BF4B-00C04F79EFBC}") = "CloudinaryDotNet.IntegrationTests", "CloudinaryDotNet.IntegrationTests\CloudinaryDotNet.IntegrationTests.csproj", "{A4E4DD85-55C5-44C6-9A87-80DA530FD05D}"
EndProject
Global
	GlobalSection(SolutionConfigurationPlatforms) = preSolution
		Debug|Any CPU = Debug|Any CPU
		Debug|x64 = Debug|x64
		Debug|x86 = Debug|x86
		Release|Any CPU = Release|Any CPU
		Release|x64 = Release|x64
		Release|x86 = Release|x86
	EndGlobalSection
	GlobalSection(SolutionProperties) = preSolution
		HideSolutionNode = FALSE
	EndGlobalSection
	GlobalSection(ProjectConfigurationPlatforms) = postSolution
		{70D24A08-85EB-4C9F-B9A3-E3CAE14807EA}.Debug|Any CPU.ActiveCfg = Debug|Any CPU
		{70D24A08-85EB-4C9F-B9A3-E3CAE14807EA}.Debug|Any CPU.Build.0 = Debug|Any CPU
		{70D24A08-85EB-4C9F-B9A3-E3CAE14807EA}.Debug|x64.ActiveCfg = Debug|Any CPU
		{70D24A08-85EB-4C9F-B9A3-E3CAE14807EA}.Debug|x64.Build.0 = Debug|Any CPU
		{70D24A08-85EB-4C9F-B9A3-E3CAE14807EA}.Debug|x86.ActiveCfg = Debug|Any CPU
		{70D24A08-85EB-4C9F-B9A3-E3CAE14807EA}.Debug|x86.Build.0 = Debug|Any CPU
		{70D24A08-85EB-4C9F-B9A3-E3CAE14807EA}.Release|Any CPU.ActiveCfg = Release|Any CPU
		{70D24A08-85EB-4C9F-B9A3-E3CAE14807EA}.Release|Any CPU.Build.0 = Release|Any CPU
		{70D24A08-85EB-4C9F-B9A3-E3CAE14807EA}.Release|x64.ActiveCfg = Release|Any CPU
		{70D24A08-85EB-4C9F-B9A3-E3CAE14807EA}.Release|x64.Build.0 = Release|Any CPU
		{70D24A08-85EB-4C9F-B9A3-E3CAE14807EA}.Release|x86.ActiveCfg = Release|Any CPU
		{70D24A08-85EB-4C9F-B9A3-E3CAE14807EA}.Release|x86.Build.0 = Release|Any CPU
		{1D3535A4-9D29-4B58-BA74-56F32B5737B1}.Debug|Any CPU.ActiveCfg = Debug|Any CPU
		{1D3535A4-9D29-4B58-BA74-56F32B5737B1}.Debug|Any CPU.Build.0 = Debug|Any CPU
		{1D3535A4-9D29-4B58-BA74-56F32B5737B1}.Debug|x64.ActiveCfg = Debug|Any CPU
		{1D3535A4-9D29-4B58-BA74-56F32B5737B1}.Debug|x64.Build.0 = Debug|Any CPU
		{1D3535A4-9D29-4B58-BA74-56F32B5737B1}.Debug|x86.ActiveCfg = Debug|Any CPU
		{1D3535A4-9D29-4B58-BA74-56F32B5737B1}.Debug|x86.Build.0 = Debug|Any CPU
		{1D3535A4-9D29-4B58-BA74-56F32B5737B1}.Release|Any CPU.ActiveCfg = Release|Any CPU
		{1D3535A4-9D29-4B58-BA74-56F32B5737B1}.Release|Any CPU.Build.0 = Release|Any CPU
		{1D3535A4-9D29-4B58-BA74-56F32B5737B1}.Release|x64.ActiveCfg = Release|Any CPU
		{1D3535A4-9D29-4B58-BA74-56F32B5737B1}.Release|x64.Build.0 = Release|Any CPU
		{1D3535A4-9D29-4B58-BA74-56F32B5737B1}.Release|x86.ActiveCfg = Release|Any CPU
		{1D3535A4-9D29-4B58-BA74-56F32B5737B1}.Release|x86.Build.0 = Release|Any CPU
		{A4E4DD85-55C5-44C6-9A87-80DA530FD05D}.Debug|Any CPU.ActiveCfg = Debug|Any CPU
		{A4E4DD85-55C5-44C6-9A87-80DA530FD05D}.Debug|Any CPU.Build.0 = Debug|Any CPU
		{A4E4DD85-55C5-44C6-9A87-80DA530FD05D}.Debug|x64.ActiveCfg = Debug|Any CPU
		{A4E4DD85-55C5-44C6-9A87-80DA530FD05D}.Debug|x64.Build.0 = Debug|Any CPU
		{A4E4DD85-55C5-44C6-9A87-80DA530FD05D}.Debug|x86.ActiveCfg = Debug|Any CPU
		{A4E4DD85-55C5-44C6-9A87-80DA530FD05D}.Debug|x86.Build.0 = Debug|Any CPU
		{A4E4DD85-55C5-44C6-9A87-80DA530FD05D}.Release|Any CPU.ActiveCfg = Release|Any CPU
		{A4E4DD85-55C5-44C6-9A87-80DA530FD05D}.Release|Any CPU.Build.0 = Release|Any CPU
		{A4E4DD85-55C5-44C6-9A87-80DA530FD05D}.Release|x64.ActiveCfg = Release|Any CPU
		{A4E4DD85-55C5-44C6-9A87-80DA530FD05D}.Release|x64.Build.0 = Release|Any CPU
		{A4E4DD85-55C5-44C6-9A87-80DA530FD05D}.Release|x86.ActiveCfg = Release|Any CPU
		{A4E4DD85-55C5-44C6-9A87-80DA530FD05D}.Release|x86.Build.0 = Release|Any CPU
	EndGlobalSection
EndGlobal
