{
  "requires": true,
  "lockfileVersion": 1,
  "dependencies": {
    "cloudinary-jquery-file-upload": {
      "version": "2.11.3",
      "resolved": "https://registry.npmjs.org/cloudinary-jquery-file-upload/-/cloudinary-jquery-file-upload-2.11.3.tgz",
      "integrity": "sha512-BEN5qGJL+yrR/lIxqY9lakOjy+/L9K1KpkKjT6zcBsZk07bZ6TZwaxuOZFlXPJxkWlt2QZaduEmVqwN3f7Cy8A=="
    }
  }
}
