{
  "requires": true,
  "lockfileVersion": 1,
  "dependencies": {
    "cloudinary-jquery-file-upload": {
      "version": "2.13.0",
      "resolved": "https://registry.npmjs.org/cloudinary-jquery-file-upload/-/cloudinary-jquery-file-upload-2.13.0.tgz",
      "integrity": "sha512-JJ9PM4XV1ZgffSBlW8SEVCqeNfYtPTGAtRJ/UihnR7nD+jepicF03g8B2oeY2g2T1Vj4CEQIz1kxLrjI7vjfzQ=="
    }
  }
}
