{
  "name": "npm-proj-1771300372035-0.9667055233459045ocyv5d",
  "lockfileVersion": 1,
  "requires": true,
  "dependencies": {
    "cloudinary-jquery-file-upload": {
      "version": "2.14.0",
      "resolved": "https://registry.npmjs.org/cloudinary-jquery-file-upload/-/cloudinary-jquery-file-upload-2.14.0.tgz",
      "integrity": "sha512-Cmx+x6sp9AL79KB52S1aFZ1tCAQzc6c7+PVgFkAxt1dlnXePVTa/yCHciuB5DxuIaOA7mscjflPGSo9uclMrQQ=="
    }
  }
}
