
Microsoft Visual Studio Solution File, Format Version 12.00
# Visual Studio Version 16
VisualStudioVersion = 16.0.30621.155
MinimumVisualStudioVersion = 10.0.40219.1
Project("{9A19103F-16F7-4668-BE54-9A1E7A4F7556}") = "PhotoAlbum", "PhotoAlbum\PhotoAlbum.csproj", "{3AD00431-929F-4124-8890-FC3C021BAAD8}"
EndProject
Global
	GlobalSection(SolutionConfigurationPlatforms) = preSolution
		Debug|Any CPU = Debug|Any CPU
		Release|Any CPU = Release|Any CPU
	EndGlobalSection
	GlobalSection(ProjectConfigurationPlatforms) = postSolution
		{3AD00431-929F-4124-8890-FC3C021BAAD8}.Debug|Any CPU.ActiveCfg = Debug|Any CPU
		{3AD00431-929F-4124-8890-FC3C021BAAD8}.Debug|Any CPU.Build.0 = Debug|Any CPU
		{3AD00431-929F-4124-8890-FC3C021BAAD8}.Release|Any CPU.ActiveCfg = Release|Any CPU
		{3AD00431-929F-4124-8890-FC3C021BAAD8}.Release|Any CPU.Build.0 = Release|Any CPU
	EndGlobalSection
	GlobalSection(SolutionProperties) = preSolution
		HideSolutionNode = FALSE
	EndGlobalSection
	GlobalSection(ExtensibilityGlobals) = postSolution
		SolutionGuid = {AC23D31C-4C87-47CC-9D14-27DFF59AB869}
	EndGlobalSection
EndGlobal
